
Microsoft Visual Studio Solution File, Format Version 12.00
# Visual Studio Version 17
VisualStudioVersion = 17.9.34728.123
MinimumVisualStudioVersion = 10.0.40219.1
Project("{8BC9CEB8-8B4A-11D0-8D11-00A0C91BC942}") = "Agar", "Agar.vcxproj", "{BE1393CE-EC0D-49E5-94ED-2DD26091F2D5}"
EndProject
Project("{8BC9CEB8-8B4A-11D0-8D11-00A0C91BC942}") = "KHITestServer", "..\KHITestServer\KHITestServer.vcxproj", "{1D404661-16E7-425C-838C-44883A18AC4D}"
EndProject
Project("{8BC9CEB8-8B4A-11D0-8D11-00A0C91BC942}") = "server", "..\server\server.vcxproj", "{B274A471-B7F6-4E76-A21B-0DAB15847ECE}"
EndProject
Global
	GlobalSection(SolutionConfigurationPlatforms) = preSolution
		Debug|x64 = Debug|x64
		Debug|x86 = Debug|x86
		Release|x64 = Release|x64
		Release|x86 = Release|x86
	EndGlobalSection
	GlobalSection(ProjectConfigurationPlatforms) = postSolution
		{BE1393CE-EC0D-49E5-94ED-2DD26091F2D5}.Debug|x64.ActiveCfg = Debug|x64
		{BE1393CE-EC0D-49E5-94ED-2DD26091F2D5}.Debug|x64.Build.0 = Debug|x64
		{BE1393CE-EC0D-49E5-94ED-2DD26091F2D5}.Debug|x86.ActiveCfg = Debug|Win32
		{BE1393CE-EC0D-49E5-94ED-2DD26091F2D5}.Debug|x86.Build.0 = Debug|Win32
		{BE1393CE-EC0D-49E5-94ED-2DD26091F2D5}.Release|x64.ActiveCfg = Release|x64
		{BE1393CE-EC0D-49E5-94ED-2DD26091F2D5}.Release|x64.Build.0 = Release|x64
		{BE1393CE-EC0D-49E5-94ED-2DD26091F2D5}.Release|x86.ActiveCfg = Release|Win32
		{BE1393CE-EC0D-49E5-94ED-2DD26091F2D5}.Release|x86.Build.0 = Release|Win32
		{1D404661-16E7-425C-838C-44883A18AC4D}.Debug|x64.ActiveCfg = Debug|x64
		{1D404661-16E7-425C-838C-44883A18AC4D}.Debug|x64.Build.0 = Debug|x64
		{1D404661-16E7-425C-838C-44883A18AC4D}.Debug|x86.ActiveCfg = Debug|Win32
		{1D404661-16E7-425C-838C-44883A18AC4D}.Debug|x86.Build.0 = Debug|Win32
		{1D404661-16E7-425C-838C-44883A18AC4D}.Release|x64.ActiveCfg = Release|x64
		{1D404661-16E7-425C-838C-44883A18AC4D}.Release|x64.Build.0 = Release|x64
		{1D404661-16E7-425C-838C-44883A18AC4D}.Release|x86.ActiveCfg = Release|Win32
		{1D404661-16E7-425C-838C-44883A18AC4D}.Release|x86.Build.0 = Release|Win32
		{B274A471-B7F6-4E76-A21B-0DAB15847ECE}.Debug|x64.ActiveCfg = Debug|x64
		{B274A471-B7F6-4E76-A21B-0DAB15847ECE}.Debug|x64.Build.0 = Debug|x64
		{B274A471-B7F6-4E76-A21B-0DAB15847ECE}.Debug|x86.ActiveCfg = Debug|Win32
		{B274A471-B7F6-4E76-A21B-0DAB15847ECE}.Debug|x86.Build.0 = Debug|Win32
		{B274A471-B7F6-4E76-A21B-0DAB15847ECE}.Release|x64.ActiveCfg = Release|x64
		{B274A471-B7F6-4E76-A21B-0DAB15847ECE}.Release|x64.Build.0 = Release|x64
		{B274A471-B7F6-4E76-A21B-0DAB15847ECE}.Release|x86.ActiveCfg = Release|Win32
		{B274A471-B7F6-4E76-A21B-0DAB15847ECE}.Release|x86.Build.0 = Release|Win32
	EndGlobalSection
	GlobalSection(SolutionProperties) = preSolution
		HideSolutionNode = FALSE
	EndGlobalSection
	GlobalSection(ExtensibilityGlobals) = postSolution
		SolutionGuid = {015B3CFA-FD7A-4107-B543-56EADC68C01D}
	EndGlobalSection
EndGlobal
